
Microsoft Visual Studio Solution File, Format Version 12.00
# Visual Studio 2013
VisualStudioVersion = 12.0.21005.1
MinimumVisualStudioVersion = 10.0.40219.1
Project("{2150E333-8FDC-42A3-9474-1A3956D46DE8}") = "src", "src", "{11816BA3-A0F3-4FA2-BE3A-8B5F1FBF0745}"
EndProject
Project("{2150E333-8FDC-42A3-9474-1A3956D46DE8}") = "lib", "lib", "{0CF66B82-A47D-4B36-A318-D38896BBFD12}"
	ProjectSection(SolutionItems) = preProject
		..\lib\repositories.config = ..\lib\repositories.config
	EndProjectSection
EndProject
Project("{2150E333-8FDC-42A3-9474-1A3956D46DE8}") = "doc", "doc", "{76B42117-2DBC-400B-949D-6F5E6BDCAD67}"
	ProjectSection(SolutionItems) = preProject
		..\doc\history.txt = ..\doc\history.txt
		..\doc\prerequisites.txt = ..\doc\prerequisites.txt
	EndProjectSection
EndProject
Project("{2150E333-8FDC-42A3-9474-1A3956D46DE8}") = "tools", "tools", "{52EABB6F-06C1-48BE-830F-B245D63A04FC}"
EndProject
Project("{2150E333-8FDC-42A3-9474-1A3956D46DE8}") = "pepita", "pepita", "{39A9F5F8-9B28-4A2C-AECB-CDCCC9A89A17}"
	ProjectSection(SolutionItems) = preProject
		..\tools\pepita\PepitaGet.exe = ..\tools\pepita\PepitaGet.exe
	EndProjectSection
EndProject
Project("{2150E333-8FDC-42A3-9474-1A3956D46DE8}") = "misc", "misc", "{3B207BC3-7391-4FA7-A4D3-1960F8656E08}"
	ProjectSection(SolutionItems) = preProject
		Caitlyn.vsmdi = Caitlyn.vsmdi
		Local.testsettings = Local.testsettings
		TraceAndTestImpact.testsettings = TraceAndTestImpact.testsettings
	EndProjectSection
EndProject
Project("{FAE04EC0-301F-11D3-BF4B-00C04F79EFBC}") = "Caitlyn", "Caitlyn\Caitlyn.csproj", "{E7B15B23-11F9-4F98-B274-351C037ADA1B}"
EndProject
Project("{FAE04EC0-301F-11D3-BF4B-00C04F79EFBC}") = "Caitlyn.Test", "Caitlyn.Test\Caitlyn.Test.csproj", "{2312BE19-81B2-4E34-BDE3-817FCC6CCD67}"
EndProject
Global
	GlobalSection(SolutionConfigurationPlatforms) = preSolution
		Debug|Any CPU = Debug|Any CPU
		Release|Any CPU = Release|Any CPU
	EndGlobalSection
	GlobalSection(ProjectConfigurationPlatforms) = postSolution
		{E7B15B23-11F9-4F98-B274-351C037ADA1B}.Debug|Any CPU.ActiveCfg = Debug|Any CPU
		{E7B15B23-11F9-4F98-B274-351C037ADA1B}.Debug|Any CPU.Build.0 = Debug|Any CPU
		{E7B15B23-11F9-4F98-B274-351C037ADA1B}.Release|Any CPU.ActiveCfg = Release|Any CPU
		{E7B15B23-11F9-4F98-B274-351C037ADA1B}.Release|Any CPU.Build.0 = Release|Any CPU
		{2312BE19-81B2-4E34-BDE3-817FCC6CCD67}.Debug|Any CPU.ActiveCfg = Debug|Any CPU
		{2312BE19-81B2-4E34-BDE3-817FCC6CCD67}.Debug|Any CPU.Build.0 = Debug|Any CPU
		{2312BE19-81B2-4E34-BDE3-817FCC6CCD67}.Release|Any CPU.ActiveCfg = Release|Any CPU
		{2312BE19-81B2-4E34-BDE3-817FCC6CCD67}.Release|Any CPU.Build.0 = Release|Any CPU
	EndGlobalSection
	GlobalSection(SolutionProperties) = preSolution
		HideSolutionNode = FALSE
	EndGlobalSection
	GlobalSection(NestedProjects) = preSolution
		{E7B15B23-11F9-4F98-B274-351C037ADA1B} = {11816BA3-A0F3-4FA2-BE3A-8B5F1FBF0745}
		{2312BE19-81B2-4E34-BDE3-817FCC6CCD67} = {11816BA3-A0F3-4FA2-BE3A-8B5F1FBF0745}
		{39A9F5F8-9B28-4A2C-AECB-CDCCC9A89A17} = {52EABB6F-06C1-48BE-830F-B245D63A04FC}
	EndGlobalSection
	GlobalSection(TestCaseManagementSettings) = postSolution
		CategoryFile = Caitlyn.vsmdi
	EndGlobalSection
EndGlobal
